
Microsoft Visual Studio Solution File, Format Version 12.00
# Visual Studio Version 17
VisualStudioVersion = 17.1.32328.378
MinimumVisualStudioVersion = 10.0.40219.1
Project("{FAE04EC0-301F-11D3-BF4B-00C04F79EFBC}") = "WindowsFormsApp3", "WindowsFormsApp3.csproj", "{2EAA4043-ADC6-4A1A-A620-EBC8E9426BD6}"
EndProject
Global
	GlobalSection(SolutionConfigurationPlatforms) = preSolution
		Debug|Any CPU = Debug|Any CPU
		Release|Any CPU = Release|Any CPU
	EndGlobalSection
	GlobalSection(ProjectConfigurationPlatforms) = postSolution
		{2EAA4043-ADC6-4A1A-A620-EBC8E9426BD6}.Debug|Any CPU.ActiveCfg = Debug|Any CPU
		{2EAA4043-ADC6-4A1A-A620-EBC8E9426BD6}.Debug|Any CPU.Build.0 = Debug|Any CPU
		{2EAA4043-ADC6-4A1A-A620-EBC8E9426BD6}.Release|Any CPU.ActiveCfg = Release|Any CPU
		{2EAA4043-ADC6-4A1A-A620-EBC8E9426BD6}.Release|Any CPU.Build.0 = Release|Any CPU
	EndGlobalSection
	GlobalSection(SolutionProperties) = preSolution
		HideSolutionNode = FALSE
	EndGlobalSection
	GlobalSection(ExtensibilityGlobals) = postSolution
		SolutionGuid = {C23720A4-59CE-48F9-A1B1-61C017486A6D}
	EndGlobalSection
EndGlobal
